{
  "nodes": {
    "flake-parts": {
      "inputs": {
        "nixpkgs-lib": [
          "nixpkgs"
        ]
      },
      "locked": {
        "lastModified": 1765835352,
        "narHash": "sha256-XswHlK/Qtjasvhd1nOa1e8MgZ8GS//jBoTqWtrS1Giw=",
        "owner": "hercules-ci",
        "repo": "flake-parts",
        "rev": "a34fae9c08a15ad73f295041fec82323541400a9",
        "type": "github"
      },
      "original": {
        "owner": "hercules-ci",
        "repo": "flake-parts",
        "type": "github"
      }
    },
    "neovim-src": {
      "flake": false,
      "locked": {
        "lastModified": 1766712450,
        "narHash": "sha256-jGsQAM/tLraUPFXllbuY+23isqTMV5lE9W6ClpnXgy4=",
        "owner": "neovim",
        "repo": "neovim",
        "rev": "b7adf8081c0dd0924ba121415a48a5eed2fee206",
        "type": "github"
      },
      "original": {
        "owner": "neovim",
        "repo": "neovim",
        "type": "github"
      }
    },
    "nixpkgs": {
      "locked": {
        "lastModified": 1766653575,
        "narHash": "sha256-TPgxCS7+hWc4kPhzkU5dD2M5UuPhLuuaMNZ/IpwKQvI=",
        "owner": "NixOS",
        "repo": "nixpkgs",
        "rev": "3c1016e6acd16ad96053116d0d3043029c9e2649",
        "type": "github"
      },
      "original": {
        "owner": "NixOS",
        "ref": "nixpkgs-unstable",
        "repo": "nixpkgs",
        "type": "github"
      }
    },
    "root": {
      "inputs": {
        "flake-parts": "flake-parts",
        "neovim-src": "neovim-src",
        "nixpkgs": "nixpkgs"
      }
    }
  },
  "root": "root",
  "version": 7
}
